# THIS IS AN AUTOGENERATED FILE. DO NOT EDIT THIS FILE DIRECTLY.
# yarn lockfile v1


"ansi-escapes@^5.0.0":
  "integrity" "sha512-5GFMVX8HqE/TB+FuBJGuO5XG0WrsA6ptUqoODaT/n9mmUaZFkqnBueB4leqGBCmrUHnCnC4PCZTCd0E7QQ83bA=="
  "resolved" "https://registry.npmjs.org/ansi-escapes/-/ansi-escapes-5.0.0.tgz"
  "version" "5.0.0"
  dependencies:
    "type-fest" "^1.0.2"

"ansi-regex@^6.0.1":
  "integrity" "sha512-n5M855fKb2SsfMIiFFoVrABHJC8QtHwVx+mHWP3QcEqBHYienj5dHSgjbxtC0WEZXYt4wcD6zrQElDPhFuZgfA=="
  "resolved" "https://registry.npmjs.org/ansi-regex/-/ansi-regex-6.0.1.tgz"
  "version" "6.0.1"

"ansi-styles@^6.0.0", "ansi-styles@^6.1.0":
  "integrity" "sha512-VbqNsoz55SYGczauuup0MFUyXNQviSpFTj1RQtFzmQLk18qbVSpTFFGMT293rmDaQuKCT6InmbuEyUne4mTuxQ=="
  "resolved" "https://registry.npmjs.org/ansi-styles/-/ansi-styles-6.1.0.tgz"
  "version" "6.1.0"

"cli-cursor@^4.0.0":
  "integrity" "sha512-VGtlMu3x/4DOtIUwEkRezxUZ2lBacNJCHash0N0WeZDBS+7Ux1dm3XWAgWYxLJFMMdOeXMHXorshEFhbMSGelg=="
  "resolved" "https://registry.npmjs.org/cli-cursor/-/cli-cursor-4.0.0.tgz"
  "version" "4.0.0"
  dependencies:
    "restore-cursor" "^4.0.0"

"emoji-regex@^9.2.2":
  "integrity" "sha512-L18DaJsXSUk2+42pv8mLs5jJT2hqFkFE4j21wOmgbUqsZ2hL72NsUU785g9RXgo3s0ZNgVl42TiHp3ZtOv/Vyg=="
  "resolved" "https://registry.npmjs.org/emoji-regex/-/emoji-regex-9.2.2.tgz"
  "version" "9.2.2"

"is-fullwidth-code-point@^4.0.0":
  "integrity" "sha512-O4L094N2/dZ7xqVdrXhh9r1KODPJpFms8B5sGdJLPy664AgvXsreZUyCQQNItZRDlYug4xStLjNp/sz3HvBowQ=="
  "resolved" "https://registry.npmjs.org/is-fullwidth-code-point/-/is-fullwidth-code-point-4.0.0.tgz"
  "version" "4.0.0"

"log-update@^5.0.0":
  "integrity" "sha512-HovF3knyZX9sleS0OkSJ6f53JEpbzcbomC6/WJ3iuGK8i6CRb6WZ542gO2F3pdQK8hwlijddDefVFhlMpwkOSQ=="
  "resolved" "https://registry.npmjs.org/log-update/-/log-update-5.0.0.tgz"
  "version" "5.0.0"
  dependencies:
    "ansi-escapes" "^5.0.0"
    "cli-cursor" "^4.0.0"
    "slice-ansi" "^5.0.0"
    "wrap-ansi" "^8.0.1"

"mimic-fn@^2.1.0":
  "integrity" "sha512-OqbOk5oEQeAZ8WXWydlu9HJjz9WVdEIvamMCcXmuqUYjTknH/sqsWvhQ3vgwKFRR1HpjvNBKQ37nbJgYzGqGcg=="
  "resolved" "https://registry.npmjs.org/mimic-fn/-/mimic-fn-2.1.0.tgz"
  "version" "2.1.0"

"onetime@^5.1.0":
  "integrity" "sha512-kbpaSSGJTWdAY5KPVeMOKXSrPtr8C8C7wodJbcsd51jRnmD+GZu8Y0VoU6Dm5Z4vWr0Ig/1NKuWRKf7j5aaYSg=="
  "resolved" "https://registry.npmjs.org/onetime/-/onetime-5.1.2.tgz"
  "version" "5.1.2"
  dependencies:
    "mimic-fn" "^2.1.0"

"restore-cursor@^4.0.0":
  "integrity" "sha512-I9fPXU9geO9bHOt9pHHOhOkYerIMsmVaWB0rA2AI9ERh/+x/i7MV5HKBNrg+ljO5eoPVgCcnFuRjJ9uH6I/3eg=="
  "resolved" "https://registry.npmjs.org/restore-cursor/-/restore-cursor-4.0.0.tgz"
  "version" "4.0.0"
  dependencies:
    "onetime" "^5.1.0"
    "signal-exit" "^3.0.2"

"signal-exit@^3.0.2":
  "integrity" "sha512-KWcOiKeQj6ZyXx7zq4YxSMgHRlod4czeBQZrPb8OKcohcqAXShm7E20kEMle9WBt26hFcAf0qLOcp5zmY7kOqQ=="
  "resolved" "https://registry.npmjs.org/signal-exit/-/signal-exit-3.0.5.tgz"
  "version" "3.0.5"

"slice-ansi@^5.0.0":
  "integrity" "sha512-FC+lgizVPfie0kkhqUScwRu1O/lF6NOgJmlCgK+/LYxDCTk8sGelYaHDhFcDN+Sn3Cv+3VSa4Byeo+IMCzpMgQ=="
  "resolved" "https://registry.npmjs.org/slice-ansi/-/slice-ansi-5.0.0.tgz"
  "version" "5.0.0"
  dependencies:
    "ansi-styles" "^6.0.0"
    "is-fullwidth-code-point" "^4.0.0"

"string-width@^5.0.1":
  "integrity" "sha512-5ohWO/M4//8lErlUUtrFy3b11GtNOuMOU0ysKCDXFcfXuuvUXu95akgj/i8ofmaGdN0hCqyl6uu9i8dS/mQp5g=="
  "resolved" "https://registry.npmjs.org/string-width/-/string-width-5.0.1.tgz"
  "version" "5.0.1"
  dependencies:
    "emoji-regex" "^9.2.2"
    "is-fullwidth-code-point" "^4.0.0"
    "strip-ansi" "^7.0.1"

"strip-ansi@^7.0.1":
  "integrity" "sha512-cXNxvT8dFNRVfhVME3JAe98mkXDYN2O1l7jmcwMnOslDeESg1rF/OZMtK0nRAhiari1unG5cD4jG3rapUAkLbw=="
  "resolved" "https://registry.npmjs.org/strip-ansi/-/strip-ansi-7.0.1.tgz"
  "version" "7.0.1"
  dependencies:
    "ansi-regex" "^6.0.1"

"type-fest@^1.0.2":
  "integrity" "sha512-yGSza74xk0UG8k+pLh5oeoYirvIiWo5t0/o3zHHAO2tRDiZcxWP7fywNlXhqb6/r6sWvwi+RsyQMWhVLe4BVuA=="
  "resolved" "https://registry.npmjs.org/type-fest/-/type-fest-1.4.0.tgz"
  "version" "1.4.0"

"wrap-ansi@^8.0.1":
  "integrity" "sha512-QFF+ufAqhoYHvoHdajT/Po7KoXVBPXS2bgjIam5isfWJPfIOnQZ50JtUiVvCv/sjgacf3yRrt2ZKUZ/V4itN4g=="
  "resolved" "https://registry.npmjs.org/wrap-ansi/-/wrap-ansi-8.0.1.tgz"
  "version" "8.0.1"
  dependencies:
    "ansi-styles" "^6.1.0"
    "string-width" "^5.0.1"
    "strip-ansi" "^7.0.1"
